
Microsoft Visual Studio Solution File, Format Version 12.00
# Visual Studio 15
VisualStudioVersion = 15.0.27130.2027
MinimumVisualStudioVersion = 10.0.40219.1
Project("{FAE04EC0-301F-11D3-BF4B-00C04F79EFBC}") = "limestonedigital_test_task", "limestonedigital_test_task\limestonedigital_test_task.csproj", "{141DE1A7-F9A7-4751-946D-E76F569D228C}"
EndProject
Global
	GlobalSection(SolutionConfigurationPlatforms) = preSolution
		Debug|Any CPU = Debug|Any CPU
		Release|Any CPU = Release|Any CPU
	EndGlobalSection
	GlobalSection(ProjectConfigurationPlatforms) = postSolution
		{141DE1A7-F9A7-4751-946D-E76F569D228C}.Debug|Any CPU.ActiveCfg = Debug|Any CPU
		{141DE1A7-F9A7-4751-946D-E76F569D228C}.Debug|Any CPU.Build.0 = Debug|Any CPU
		{141DE1A7-F9A7-4751-946D-E76F569D228C}.Release|Any CPU.ActiveCfg = Release|Any CPU
		{141DE1A7-F9A7-4751-946D-E76F569D228C}.Release|Any CPU.Build.0 = Release|Any CPU
	EndGlobalSection
	GlobalSection(SolutionProperties) = preSolution
		HideSolutionNode = FALSE
	EndGlobalSection
	GlobalSection(ExtensibilityGlobals) = postSolution
		SolutionGuid = {C8ADBE4A-911C-4BD9-A737-0D4AD24F3195}
	EndGlobalSection
EndGlobal
